{
  "name": "EventMatcher",
  "lockfileVersion": 2,
  "requires": true,
  "packages": {
    "": {
      "dependencies": {
        "@headlessui/react": "^1.6.6"
      }
    },
    "node_modules/@headlessui/react": {
      "version": "1.6.6",
      "resolved": "https://registry.npmjs.org/@headlessui/react/-/react-1.6.6.tgz",
      "integrity": "sha512-MFJtmj9Xh/hhBMhLccGbBoSk+sk61BlP6sJe4uQcVMtXZhCgGqd2GyIQzzmsdPdTEWGSF434CBi8mnhR6um46Q==",
      "engines": {
        "node": ">=10"
      },
      "peerDependencies": {
        "react": "^16 || ^17 || ^18",
        "react-dom": "^16 || ^17 || ^18"
      }
    }
  },
  "dependencies": {
    "@headlessui/react": {
      "version": "1.6.6",
      "resolved": "https://registry.npmjs.org/@headlessui/react/-/react-1.6.6.tgz",
      "integrity": "sha512-MFJtmj9Xh/hhBMhLccGbBoSk+sk61BlP6sJe4uQcVMtXZhCgGqd2GyIQzzmsdPdTEWGSF434CBi8mnhR6um46Q==",
      "requires": {}
    }
  }
}
